
Microsoft Visual Studio Solution File, Format Version 12.00
# Visual Studio 2013
VisualStudioVersion = 12.0.31101.0
MinimumVisualStudioVersion = 10.0.40219.1
Project("{FAE04EC0-301F-11D3-BF4B-00C04F79EFBC}") = "BenhVaThuoc", "BenhVaThuoc\BenhVaThuoc.csproj", "{4C3BDE30-898B-4C18-BDB7-ECAEA63B983D}"
EndProject
Project("{D954291E-2A0B-460D-934E-DC6B0785DB48}") = "SlideView.Library.Shared", "C:\Users\conghoang\Documents\Corona Projects\slideview-107212\Trunk\SlideView\SlideView.Library.Shared\SlideView.Library.Shared.shproj", "{CC4EB0BE-423E-4E4E-8CDF-AC18E02681FB}"
EndProject
Project("{FAE04EC0-301F-11D3-BF4B-00C04F79EFBC}") = "SlideView.Library.WP8", "C:\Users\conghoang\Documents\Corona Projects\slideview-107212\Trunk\SlideView\SlideView.Library.WP8\SlideView.Library.WP8.csproj", "{73E993B6-F814-4CDD-A9D9-FF64BD2F9776}"
EndProject
Global
	GlobalSection(SharedMSBuildProjectFiles) = preSolution
		C:\Users\conghoang\Documents\Corona Projects\slideview-107212\Trunk\SlideView\SlideView.Library.Shared\SlideView.Library.Shared.projitems*{cc4eb0be-423e-4e4e-8cdf-ac18e02681fb}*SharedItemsImports = 13
		C:\Users\conghoang\Documents\Corona Projects\slideview-107212\Trunk\SlideView\SlideView.Library.Shared\SlideView.Library.Shared.projitems*{73e993b6-f814-4cdd-a9d9-ff64bd2f9776}*SharedItemsImports = 4
	EndGlobalSection
	GlobalSection(SolutionConfigurationPlatforms) = preSolution
		Debug|Any CPU = Debug|Any CPU
		Debug|ARM = Debug|ARM
		Debug|x86 = Debug|x86
		Release|Any CPU = Release|Any CPU
		Release|ARM = Release|ARM
		Release|x86 = Release|x86
	EndGlobalSection
	GlobalSection(ProjectConfigurationPlatforms) = postSolution
		{4C3BDE30-898B-4C18-BDB7-ECAEA63B983D}.Debug|Any CPU.ActiveCfg = Debug|Any CPU
		{4C3BDE30-898B-4C18-BDB7-ECAEA63B983D}.Debug|Any CPU.Build.0 = Debug|Any CPU
		{4C3BDE30-898B-4C18-BDB7-ECAEA63B983D}.Debug|Any CPU.Deploy.0 = Debug|Any CPU
		{4C3BDE30-898B-4C18-BDB7-ECAEA63B983D}.Debug|ARM.ActiveCfg = Debug|ARM
		{4C3BDE30-898B-4C18-BDB7-ECAEA63B983D}.Debug|ARM.Build.0 = Debug|ARM
		{4C3BDE30-898B-4C18-BDB7-ECAEA63B983D}.Debug|ARM.Deploy.0 = Debug|ARM
		{4C3BDE30-898B-4C18-BDB7-ECAEA63B983D}.Debug|x86.ActiveCfg = Debug|x86
		{4C3BDE30-898B-4C18-BDB7-ECAEA63B983D}.Debug|x86.Build.0 = Debug|x86
		{4C3BDE30-898B-4C18-BDB7-ECAEA63B983D}.Debug|x86.Deploy.0 = Debug|x86
		{4C3BDE30-898B-4C18-BDB7-ECAEA63B983D}.Release|Any CPU.ActiveCfg = Release|Any CPU
		{4C3BDE30-898B-4C18-BDB7-ECAEA63B983D}.Release|Any CPU.Build.0 = Release|Any CPU
		{4C3BDE30-898B-4C18-BDB7-ECAEA63B983D}.Release|Any CPU.Deploy.0 = Release|Any CPU
		{4C3BDE30-898B-4C18-BDB7-ECAEA63B983D}.Release|ARM.ActiveCfg = Release|ARM
		{4C3BDE30-898B-4C18-BDB7-ECAEA63B983D}.Release|ARM.Build.0 = Release|ARM
		{4C3BDE30-898B-4C18-BDB7-ECAEA63B983D}.Release|ARM.Deploy.0 = Release|ARM
		{4C3BDE30-898B-4C18-BDB7-ECAEA63B983D}.Release|x86.ActiveCfg = Release|x86
		{4C3BDE30-898B-4C18-BDB7-ECAEA63B983D}.Release|x86.Build.0 = Release|x86
		{4C3BDE30-898B-4C18-BDB7-ECAEA63B983D}.Release|x86.Deploy.0 = Release|x86
		{73E993B6-F814-4CDD-A9D9-FF64BD2F9776}.Debug|Any CPU.ActiveCfg = Debug|Any CPU
		{73E993B6-F814-4CDD-A9D9-FF64BD2F9776}.Debug|Any CPU.Build.0 = Debug|Any CPU
		{73E993B6-F814-4CDD-A9D9-FF64BD2F9776}.Debug|ARM.ActiveCfg = Debug|ARM
		{73E993B6-F814-4CDD-A9D9-FF64BD2F9776}.Debug|ARM.Build.0 = Debug|ARM
		{73E993B6-F814-4CDD-A9D9-FF64BD2F9776}.Debug|x86.ActiveCfg = Debug|x86
		{73E993B6-F814-4CDD-A9D9-FF64BD2F9776}.Debug|x86.Build.0 = Debug|x86
		{73E993B6-F814-4CDD-A9D9-FF64BD2F9776}.Release|Any CPU.ActiveCfg = Release|Any CPU
		{73E993B6-F814-4CDD-A9D9-FF64BD2F9776}.Release|Any CPU.Build.0 = Release|Any CPU
		{73E993B6-F814-4CDD-A9D9-FF64BD2F9776}.Release|ARM.ActiveCfg = Release|ARM
		{73E993B6-F814-4CDD-A9D9-FF64BD2F9776}.Release|ARM.Build.0 = Release|ARM
		{73E993B6-F814-4CDD-A9D9-FF64BD2F9776}.Release|x86.ActiveCfg = Release|x86
		{73E993B6-F814-4CDD-A9D9-FF64BD2F9776}.Release|x86.Build.0 = Release|x86
	EndGlobalSection
	GlobalSection(SolutionProperties) = preSolution
		HideSolutionNode = FALSE
	EndGlobalSection
EndGlobal
